# This file is autogenerated, do not edit; changes may be undone by the next 'dep ensure'.


[[projects]]
  name = "github.com/corbym/gocrest"
  packages = [".","is","then"]
  revision = "190aad5060656f4c8a80c51fba0874cea11e3556"
  version = "v1.02"

[[projects]]
  name = "github.com/corbym/gogiven"
  packages = [".","base","generator","testdata"]
  revision = "9bb776735712831dcb63dbd1935099d8ae9ec6bf"
  version = "v1.2.0"

[[projects]]
  name = "github.com/corbym/htmlspec"
  packages = ["."]
  revision = "52909fed67df43274dfa0aa9d7985a500f6eef4b"
  version = "v1.1.0"

[[projects]]
  branch = "master"
  name = "github.com/fatih/camelcase"
  packages = ["."]
  revision = "44e46d280b43ec1531bb25252440e34f1b800b65"

[solve-meta]
  analyzer-name = "dep"
  analyzer-version = 1
  inputs-digest = "fd950962a4f05cb2b1ccbbb96f6d3c5c4283d9ed7618b99e84bfba581b865b9f"
  solver-name = "gps-cdcl"
  solver-version = 1
